github.com/galencar1/my_modules_go/html_pack v0.0.0-20230111222308-4f97d8d6e1f2 h1:xLBXPu8fEjieaVqYUpFWhbZIlb0Su1nXbpjabR9O7jY=
github.com/galencar1/my_modules_go/html_pack v0.0.0-20230111222308-4f97d8d6e1f2/go.mod h1:HWECKFFctxmrPpjDTSZ1ydpsee3M+C71GdHstz9IrQc=
github.com/go-sql-driver/mysql v1.7.0 h1:ueSltNNllEqE3qcWBTD0iQd3IpL/6U+mJxLkazJ7YPc=
github.com/go-sql-driver/mysql v1.7.0/go.mod h1:OXbVy3sEdcQ2Doequ6Z5BW6fXNQTmx+9S1MCJN5yJMI=
